Microsoft Visual Studio Solution File, Format Version 12.00
# Visual Studio Version 17
VisualStudioVersion = 17.5.2.0
MinimumVisualStudioVersion = 10.0.40219.1
Project("{FAE04EC0-301F-11D3-BF4B-00C04F79EFBC}") = "SistemaDeControleVeiculos", "SistemaDeControleVeiculos.csproj", "{019CC3D3-B8BE-4847-B772-8B9BDAA6B591}"
EndProject
Global
	GlobalSection(SolutionConfigurationPlatforms) = preSolution
		Debug|Any CPU = Debug|Any CPU
		Release|Any CPU = Release|Any CPU
	EndGlobalSection
	GlobalSection(ProjectConfigurationPlatforms) = postSolution
		{019CC3D3-B8BE-4847-B772-8B9BDAA6B591}.Debug|Any CPU.ActiveCfg = Debug|Any CPU
		{019CC3D3-B8BE-4847-B772-8B9BDAA6B591}.Debug|Any CPU.Build.0 = Debug|Any CPU
		{019CC3D3-B8BE-4847-B772-8B9BDAA6B591}.Release|Any CPU.ActiveCfg = Release|Any CPU
		{019CC3D3-B8BE-4847-B772-8B9BDAA6B591}.Release|Any CPU.Build.0 = Release|Any CPU
	EndGlobalSection
	GlobalSection(SolutionProperties) = preSolution
		HideSolutionNode = FALSE
	EndGlobalSection
	GlobalSection(ExtensibilityGlobals) = postSolution
		SolutionGuid = {0EFA9C37-F0E3-4AEF-8D20-3175541B47E0}
	EndGlobalSection
EndGlobal
